// !$*UTF8*$!
{
	archiveVersion = 1;
	classes = {
	};
	objectVersion = 56;
	objects = {

/* Begin PBXBuildFile section */
		C735DE1D2C46950E002737EF /* GradientHelper.swift in Sources */ = {isa = PBXBuildFile; fileRef = C735DE1C2C46950E002737EF /* GradientHelper.swift */; };
		C753A6D92C483083001DD2D3 /* WeatherForecastResponse.swift in Sources */ = {isa = PBXBuildFile; fileRef = C753A6D82C483083001DD2D3 /* WeatherForecastResponse.swift */; };
		C753A6DB2C4849FB001DD2D3 /* ForecastVC.swift in Sources */ = {isa = PBXBuildFile; fileRef = C753A6DA2C4849FB001DD2D3 /* ForecastVC.swift */; };
		C753A6DF2C490C51001DD2D3 /* WAButton.swift in Sources */ = {isa = PBXBuildFile; fileRef = C753A6DE2C490C51001DD2D3 /* WAButton.swift */; };
		C753A6E12C494F6B001DD2D3 /* ForecastCell.swift in Sources */ = {isa = PBXBuildFile; fileRef = C753A6E02C494F6B001DD2D3 /* ForecastCell.swift */; };
		C753A6E32C4A5E96001DD2D3 /* UIButton+Ext.swift in Sources */ = {isa = PBXBuildFile; fileRef = C753A6E22C4A5E96001DD2D3 /* UIButton+Ext.swift */; };
		C753A6E52C4BADE1001DD2D3 /* FavoriteCitiesManager.swift in Sources */ = {isa = PBXBuildFile; fileRef = C753A6E42C4BADE1001DD2D3 /* FavoriteCitiesManager.swift */; };
		C753A6E72C4BB199001DD2D3 /* FavoritesVC.swift in Sources */ = {isa = PBXBuildFile; fileRef = C753A6E62C4BB199001DD2D3 /* FavoritesVC.swift */; };
		C753A6E92C4BD90B001DD2D3 /* FavoriteCityCell.swift in Sources */ = {isa = PBXBuildFile; fileRef = C753A6E82C4BD90B001DD2D3 /* FavoriteCityCell.swift */; };
		C753A6ED2C4FADA1001DD2D3 /* FavoriteCityDetailVC.swift in Sources */ = {isa = PBXBuildFile; fileRef = C753A6EC2C4FADA1001DD2D3 /* FavoriteCityDetailVC.swift */; };
		C753A6F12C4FFA17001DD2D3 /* CustomExpandAnimator.swift in Sources */ = {isa = PBXBuildFile; fileRef = C753A6F02C4FFA17001DD2D3 /* CustomExpandAnimator.swift */; };
		C776303A2C3FD53D00B12B66 /* AppDelegate.swift in Sources */ = {isa = PBXBuildFile; fileRef = C77630392C3FD53D00B12B66 /* AppDelegate.swift */; };
		C776303C2C3FD53D00B12B66 /* SceneDelegate.swift in Sources */ = {isa = PBXBuildFile; fileRef = C776303B2C3FD53D00B12B66 /* SceneDelegate.swift */; };
		C776303E2C3FD53D00B12B66 /* MainVC.swift in Sources */ = {isa = PBXBuildFile; fileRef = C776303D2C3FD53D00B12B66 /* MainVC.swift */; };
		C77630432C3FD53E00B12B66 /* Assets.xcassets in Resources */ = {isa = PBXBuildFile; fileRef = C77630422C3FD53E00B12B66 /* Assets.xcassets */; };
		C77630502C3FE4D500B12B66 /* WALabel.swift in Sources */ = {isa = PBXBuildFile; fileRef = C776304F2C3FE4D500B12B66 /* WALabel.swift */; };
		C77630542C3FF3CD00B12B66 /* WAImageView.swift in Sources */ = {isa = PBXBuildFile; fileRef = C77630532C3FF3CD00B12B66 /* WAImageView.swift */; };
		C77630562C411F6A00B12B66 /* WeatherService.swift in Sources */ = {isa = PBXBuildFile; fileRef = C77630552C411F6A00B12B66 /* WeatherService.swift */; };
		C77630582C4120D100B12B66 /* WeatherResponse.swift in Sources */ = {isa = PBXBuildFile; fileRef = C77630572C4120D100B12B66 /* WeatherResponse.swift */; };
		C776305A2C4129A900B12B66 /* WeatherUtils.swift in Sources */ = {isa = PBXBuildFile; fileRef = C77630592C4129A900B12B66 /* WeatherUtils.swift */; };
		C776305C2C41970B00B12B66 /* SearchVC.swift in Sources */ = {isa = PBXBuildFile; fileRef = C776305B2C41970B00B12B66 /* SearchVC.swift */; };
		C776305E2C426D3A00B12B66 /* SplashVC.swift in Sources */ = {isa = PBXBuildFile; fileRef = C776305D2C426D3A00B12B66 /* SplashVC.swift */; };
/* End PBXBuildFile section */

/* Begin PBXFileReference section */
		C735DE1C2C46950E002737EF /* GradientHelper.swift */ = {isa = PBXFileReference; lastKnownFileType = sourcecode.swift; path = GradientHelper.swift; sourceTree = "<group>"; };
		C753A6D82C483083001DD2D3 /* WeatherForecastResponse.swift */ = {isa = PBXFileReference; lastKnownFileType = sourcecode.swift; path = WeatherForecastResponse.swift; sourceTree = "<group>"; };
		C753A6DA2C4849FB001DD2D3 /* ForecastVC.swift */ = {isa = PBXFileReference; lastKnownFileType = sourcecode.swift; path = ForecastVC.swift; sourceTree = "<group>"; };
		C753A6DE2C490C51001DD2D3 /* WAButton.swift */ = {isa = PBXFileReference; lastKnownFileType = sourcecode.swift; path = WAButton.swift; sourceTree = "<group>"; };
		C753A6E02C494F6B001DD2D3 /* ForecastCell.swift */ = {isa = PBXFileReference; lastKnownFileType = sourcecode.swift; path = ForecastCell.swift; sourceTree = "<group>"; };
		C753A6E22C4A5E96001DD2D3 /* UIButton+Ext.swift */ = {isa = PBXFileReference; lastKnownFileType = sourcecode.swift; path = "UIButton+Ext.swift"; sourceTree = "<group>"; };
		C753A6E42C4BADE1001DD2D3 /* FavoriteCitiesManager.swift */ = {isa = PBXFileReference; lastKnownFileType = sourcecode.swift; path = FavoriteCitiesManager.swift; sourceTree = "<group>"; };
		C753A6E62C4BB199001DD2D3 /* FavoritesVC.swift */ = {isa = PBXFileReference; lastKnownFileType = sourcecode.swift; path = FavoritesVC.swift; sourceTree = "<group>"; };
		C753A6E82C4BD90B001DD2D3 /* FavoriteCityCell.swift */ = {isa = PBXFileReference; lastKnownFileType = sourcecode.swift; path = FavoriteCityCell.swift; sourceTree = "<group>"; };
		C753A6EC2C4FADA1001DD2D3 /* FavoriteCityDetailVC.swift */ = {isa = PBXFileReference; lastKnownFileType = sourcecode.swift; path = FavoriteCityDetailVC.swift; sourceTree = "<group>"; };
		C753A6F02C4FFA17001DD2D3 /* CustomExpandAnimator.swift */ = {isa = PBXFileReference; lastKnownFileType = sourcecode.swift; path = CustomExpandAnimator.swift; sourceTree = "<group>"; };
		C77630362C3FD53D00B12B66 /* WeatherApp.app */ = {isa = PBXFileReference; explicitFileType = wrapper.application; includeInIndex = 0; path = WeatherApp.app; sourceTree = BUILT_PRODUCTS_DIR; };
		C77630392C3FD53D00B12B66 /* AppDelegate.swift */ = {isa = PBXFileReference; lastKnownFileType = sourcecode.swift; path = AppDelegate.swift; sourceTree = "<group>"; };
		C776303B2C3FD53D00B12B66 /* SceneDelegate.swift */ = {isa = PBXFileReference; lastKnownFileType = sourcecode.swift; path = SceneDelegate.swift; sourceTree = "<group>"; };
		C776303D2C3FD53D00B12B66 /* MainVC.swift */ = {isa = PBXFileReference; lastKnownFileType = sourcecode.swift; path = MainVC.swift; sourceTree = "<group>"; };
		C77630422C3FD53E00B12B66 /* Assets.xcassets */ = {isa = PBXFileReference; lastKnownFileType = folder.assetcatalog; path = Assets.xcassets; sourceTree = "<group>"; };
		C77630472C3FD53E00B12B66 /* Info.plist */ = {isa = PBXFileReference; lastKnownFileType = text.plist.xml; path = Info.plist; sourceTree = "<group>"; };
		C776304F2C3FE4D500B12B66 /* WALabel.swift */ = {isa = PBXFileReference; lastKnownFileType = sourcecode.swift; path = WALabel.swift; sourceTree = "<group>"; };
		C77630532C3FF3CD00B12B66 /* WAImageView.swift */ = {isa = PBXFileReference; lastKnownFileType = sourcecode.swift; path = WAImageView.swift; sourceTree = "<group>"; };
		C77630552C411F6A00B12B66 /* WeatherService.swift */ = {isa = PBXFileReference; lastKnownFileType = sourcecode.swift; path = WeatherService.swift; sourceTree = "<group>"; };
		C77630572C4120D100B12B66 /* WeatherResponse.swift */ = {isa = PBXFileReference; lastKnownFileType = sourcecode.swift; path = WeatherResponse.swift; sourceTree = "<group>"; };
		C77630592C4129A900B12B66 /* WeatherUtils.swift */ = {isa = PBXFileReference; lastKnownFileType = sourcecode.swift; path = WeatherUtils.swift; sourceTree = "<group>"; };
		C776305B2C41970B00B12B66 /* SearchVC.swift */ = {isa = PBXFileReference; lastKnownFileType = sourcecode.swift; path = SearchVC.swift; sourceTree = "<group>"; };
		C776305D2C426D3A00B12B66 /* SplashVC.swift */ = {isa = PBXFileReference; lastKnownFileType = sourcecode.swift; path = SplashVC.swift; sourceTree = "<group>"; };
/* End PBXFileReference section */

/* Begin PBXFrameworksBuildPhase section */
		C77630332C3FD53C00B12B66 /* Frameworks */ = {
			isa = PBXFrameworksBuildPhase;
			buildActionMask = 2147483647;
			files = (
			);
			runOnlyForDeploymentPostprocessing = 0;
		};
/* End PBXFrameworksBuildPhase section */

/* Begin PBXGroup section */
		C776302D2C3FD53C00B12B66 = {
			isa = PBXGroup;
			children = (
				C77630382C3FD53D00B12B66 /* WeatherApp */,
				C77630372C3FD53D00B12B66 /* Products */,
			);
			sourceTree = "<group>";
		};
		C77630372C3FD53D00B12B66 /* Products */ = {
			isa = PBXGroup;
			children = (
				C77630362C3FD53D00B12B66 /* WeatherApp.app */,
			);
			name = Products;
			sourceTree = "<group>";
		};
		C77630382C3FD53D00B12B66 /* WeatherApp */ = {
			isa = PBXGroup;
			children = (
				C77630392C3FD53D00B12B66 /* AppDelegate.swift */,
				C776303B2C3FD53D00B12B66 /* SceneDelegate.swift */,
				C753A6DA2C4849FB001DD2D3 /* ForecastVC.swift */,
				C776303D2C3FD53D00B12B66 /* MainVC.swift */,
				C776305B2C41970B00B12B66 /* SearchVC.swift */,
				C776305D2C426D3A00B12B66 /* SplashVC.swift */,
				C753A6DE2C490C51001DD2D3 /* WAButton.swift */,
				C776304F2C3FE4D500B12B66 /* WALabel.swift */,
				C77630532C3FF3CD00B12B66 /* WAImageView.swift */,
				C77630552C411F6A00B12B66 /* WeatherService.swift */,
				C77630572C4120D100B12B66 /* WeatherResponse.swift */,
				C753A6D82C483083001DD2D3 /* WeatherForecastResponse.swift */,
				C77630592C4129A900B12B66 /* WeatherUtils.swift */,
				C77630422C3FD53E00B12B66 /* Assets.xcassets */,
				C77630472C3FD53E00B12B66 /* Info.plist */,
				C735DE1C2C46950E002737EF /* GradientHelper.swift */,
				C753A6E02C494F6B001DD2D3 /* ForecastCell.swift */,
				C753A6E22C4A5E96001DD2D3 /* UIButton+Ext.swift */,
				C753A6E42C4BADE1001DD2D3 /* FavoriteCitiesManager.swift */,
				C753A6E62C4BB199001DD2D3 /* FavoritesVC.swift */,
				C753A6E82C4BD90B001DD2D3 /* FavoriteCityCell.swift */,
				C753A6EC2C4FADA1001DD2D3 /* FavoriteCityDetailVC.swift */,
				C753A6F02C4FFA17001DD2D3 /* CustomExpandAnimator.swift */,
			);
			path = WeatherApp;
			sourceTree = "<group>";
		};
/* End PBXGroup section */

/* Begin PBXNativeTarget section */
		C77630352C3FD53C00B12B66 /* WeatherApp */ = {
			isa = PBXNativeTarget;
			buildConfigurationList = C776304A2C3FD53E00B12B66 /* Build configuration list for PBXNativeTarget "WeatherApp" */;
			buildPhases = (
				C77630322C3FD53C00B12B66 /* Sources */,
				C77630332C3FD53C00B12B66 /* Frameworks */,
				C77630342C3FD53C00B12B66 /* Resources */,
			);
			buildRules = (
			);
			dependencies = (
			);
			name = WeatherApp;
			productName = WeatherApp;
			productReference = C77630362C3FD53D00B12B66 /* WeatherApp.app */;
			productType = "com.apple.product-type.application";
		};
/* End PBXNativeTarget section */

/* Begin PBXProject section */
		C776302E2C3FD53C00B12B66 /* Project object */ = {
			isa = PBXProject;
			attributes = {
				BuildIndependentTargetsInParallel = 1;
				LastSwiftUpdateCheck = 1520;
				LastUpgradeCheck = 1520;
				TargetAttributes = {
					C77630352C3FD53C00B12B66 = {
						CreatedOnToolsVersion = 15.2;
					};
				};
			};
			buildConfigurationList = C77630312C3FD53C00B12B66 /* Build configuration list for PBXProject "WeatherApp" */;
			compatibilityVersion = "Xcode 14.0";
			developmentRegion = en;
			hasScannedForEncodings = 0;
			knownRegions = (
				en,
				Base,
			);
			mainGroup = C776302D2C3FD53C00B12B66;
			productRefGroup = C77630372C3FD53D00B12B66 /* Products */;
			projectDirPath = "";
			projectRoot = "";
			targets = (
				C77630352C3FD53C00B12B66 /* WeatherApp */,
			);
		};
/* End PBXProject section */

/* Begin PBXResourcesBuildPhase section */
		C77630342C3FD53C00B12B66 /* Resources */ = {
			isa = PBXResourcesBuildPhase;
			buildActionMask = 2147483647;
			files = (
				C77630432C3FD53E00B12B66 /* Assets.xcassets in Resources */,
			);
			runOnlyForDeploymentPostprocessing = 0;
		};
/* End PBXResourcesBuildPhase section */

/* Begin PBXSourcesBuildPhase section */
		C77630322C3FD53C00B12B66 /* Sources */ = {
			isa = PBXSourcesBuildPhase;
			buildActionMask = 2147483647;
			files = (
				C735DE1D2C46950E002737EF /* GradientHelper.swift in Sources */,
				C753A6DF2C490C51001DD2D3 /* WAButton.swift in Sources */,
				C77630542C3FF3CD00B12B66 /* WAImageView.swift in Sources */,
				C753A6E32C4A5E96001DD2D3 /* UIButton+Ext.swift in Sources */,
				C776305E2C426D3A00B12B66 /* SplashVC.swift in Sources */,
				C77630502C3FE4D500B12B66 /* WALabel.swift in Sources */,
				C753A6ED2C4FADA1001DD2D3 /* FavoriteCityDetailVC.swift in Sources */,
				C776303E2C3FD53D00B12B66 /* MainVC.swift in Sources */,
				C753A6E52C4BADE1001DD2D3 /* FavoriteCitiesManager.swift in Sources */,
				C776305C2C41970B00B12B66 /* SearchVC.swift in Sources */,
				C77630582C4120D100B12B66 /* WeatherResponse.swift in Sources */,
				C776303A2C3FD53D00B12B66 /* AppDelegate.swift in Sources */,
				C753A6DB2C4849FB001DD2D3 /* ForecastVC.swift in Sources */,
				C753A6E12C494F6B001DD2D3 /* ForecastCell.swift in Sources */,
				C753A6F12C4FFA17001DD2D3 /* CustomExpandAnimator.swift in Sources */,
				C77630562C411F6A00B12B66 /* WeatherService.swift in Sources */,
				C753A6E72C4BB199001DD2D3 /* FavoritesVC.swift in Sources */,
				C776305A2C4129A900B12B66 /* WeatherUtils.swift in Sources */,
				C753A6D92C483083001DD2D3 /* WeatherForecastResponse.swift in Sources */,
				C753A6E92C4BD90B001DD2D3 /* FavoriteCityCell.swift in Sources */,
				C776303C2C3FD53D00B12B66 /* SceneDelegate.swift in Sources */,
			);
			runOnlyForDeploymentPostprocessing = 0;
		};
/* End PBXSourcesBuildPhase section */

/* Begin XCBuildConfiguration section */
		C77630482C3FD53E00B12B66 /* Debug */ = {
			isa = XCBuildConfiguration;
			buildSettings = {
				ALWAYS_SEARCH_USER_PATHS = NO;
				ASSETCATALOG_COMPILER_GENERATE_SWIFT_ASSET_SYMBOL_EXTENSIONS = YES;
				CLANG_ANALYZER_NONNULL = YES;
				CLANG_ANALYZER_NUMBER_OBJECT_CONVERSION = YES_AGGRESSIVE;
				CLANG_CXX_LANGUAGE_STANDARD = "gnu++20";
				CLANG_ENABLE_MODULES = YES;
				CLANG_ENABLE_OBJC_ARC = YES;
				CLANG_ENABLE_OBJC_WEAK = YES;
				CLANG_WARN_BLOCK_CAPTURE_AUTORELEASING = YES;
				CLANG_WARN_BOOL_CONVERSION = YES;
				CLANG_WARN_COMMA = YES;
				CLANG_WARN_CONSTANT_CONVERSION = YES;
				CLANG_WARN_DEPRECATED_OBJC_IMPLEMENTATIONS = YES;
				CLANG_WARN_DIRECT_OBJC_ISA_USAGE = YES_ERROR;
				CLANG_WARN_DOCUMENTATION_COMMENTS = YES;
				CLANG_WARN_EMPTY_BODY = YES;
				CLANG_WARN_ENUM_CONVERSION = YES;
				CLANG_WARN_INFINITE_RECURSION = YES;
				CLANG_WARN_INT_CONVERSION = YES;
				CLANG_WARN_NON_LITERAL_NULL_CONVERSION = YES;
				CLANG_WARN_OBJC_IMPLICIT_RETAIN_SELF = YES;
				CLANG_WARN_OBJC_LITERAL_CONVERSION = YES;
				CLANG_WARN_OBJC_ROOT_CLASS = YES_ERROR;
				CLANG_WARN_QUOTED_INCLUDE_IN_FRAMEWORK_HEADER = YES;
				CLANG_WARN_RANGE_LOOP_ANALYSIS = YES;
				CLANG_WARN_STRICT_PROTOTYPES = YES;
				CLANG_WARN_SUSPICIOUS_MOVE = YES;
				CLANG_WARN_UNGUARDED_AVAILABILITY = YES_AGGRESSIVE;
				CLANG_WARN_UNREACHABLE_CODE = YES;
				CLANG_WARN__DUPLICATE_METHOD_MATCH = YES;
				COPY_PHASE_STRIP = NO;
				DEBUG_INFORMATION_FORMAT = dwarf;
				ENABLE_STRICT_OBJC_MSGSEND = YES;
				ENABLE_TESTABILITY = YES;
				ENABLE_USER_SCRIPT_SANDBOXING = YES;
				GCC_C_LANGUAGE_STANDARD = gnu17;
				GCC_DYNAMIC_NO_PIC = NO;
				GCC_NO_COMMON_BLOCKS = YES;
				GCC_OPTIMIZATION_LEVEL = 0;
				GCC_PREPROCESSOR_DEFINITIONS = (
					"DEBUG=1",
					"$(inherited)",
				);
				GCC_WARN_64_TO_32_BIT_CONVERSION = YES;
				GCC_WARN_ABOUT_RETURN_TYPE = YES_ERROR;
				GCC_WARN_UNDECLARED_SELECTOR = YES;
				GCC_WARN_UNINITIALIZED_AUTOS = YES_AGGRESSIVE;
				GCC_WARN_UNUSED_FUNCTION = YES;
				GCC_WARN_UNUSED_VARIABLE = YES;
				IPHONEOS_DEPLOYMENT_TARGET = 15.0;
				LOCALIZATION_PREFERS_STRING_CATALOGS = YES;
				MTL_ENABLE_DEBUG_INFO = INCLUDE_SOURCE;
				MTL_FAST_MATH = YES;
				ONLY_ACTIVE_ARCH = YES;
				SDKROOT = iphoneos;
				SWIFT_ACTIVE_COMPILATION_CONDITIONS = "DEBUG $(inherited)";
				SWIFT_OPTIMIZATION_LEVEL = "-Onone";
			};
			name = Debug;
		};
		C77630492C3FD53E00B12B66 /* Release */ = {
			isa = XCBuildConfiguration;
			buildSettings = {
				ALWAYS_SEARCH_USER_PATHS = NO;
				ASSETCATALOG_COMPILER_GENERATE_SWIFT_ASSET_SYMBOL_EXTENSIONS = YES;
				CLANG_ANALYZER_NONNULL = YES;
				CLANG_ANALYZER_NUMBER_OBJECT_CONVERSION = YES_AGGRESSIVE;
				CLANG_CXX_LANGUAGE_STANDARD = "gnu++20";
				CLANG_ENABLE_MODULES = YES;
				CLANG_ENABLE_OBJC_ARC = YES;
				CLANG_ENABLE_OBJC_WEAK = YES;
				CLANG_WARN_BLOCK_CAPTURE_AUTORELEASING = YES;
				CLANG_WARN_BOOL_CONVERSION = YES;
				CLANG_WARN_COMMA = YES;
				CLANG_WARN_CONSTANT_CONVERSION = YES;
				CLANG_WARN_DEPRECATED_OBJC_IMPLEMENTATIONS = YES;
				CLANG_WARN_DIRECT_OBJC_ISA_USAGE = YES_ERROR;
				CLANG_WARN_DOCUMENTATION_COMMENTS = YES;
				CLANG_WARN_EMPTY_BODY = YES;
				CLANG_WARN_ENUM_CONVERSION = YES;
				CLANG_WARN_INFINITE_RECURSION = YES;
				CLANG_WARN_INT_CONVERSION = YES;
				CLANG_WARN_NON_LITERAL_NULL_CONVERSION = YES;
				CLANG_WARN_OBJC_IMPLICIT_RETAIN_SELF = YES;
				CLANG_WARN_OBJC_LITERAL_CONVERSION = YES;
				CLANG_WARN_OBJC_ROOT_CLASS = YES_ERROR;
				CLANG_WARN_QUOTED_INCLUDE_IN_FRAMEWORK_HEADER = YES;
				CLANG_WARN_RANGE_LOOP_ANALYSIS = YES;
				CLANG_WARN_STRICT_PROTOTYPES = YES;
				CLANG_WARN_SUSPICIOUS_MOVE = YES;
				CLANG_WARN_UNGUARDED_AVAILABILITY = YES_AGGRESSIVE;
				CLANG_WARN_UNREACHABLE_CODE = YES;
				CLANG_WARN__DUPLICATE_METHOD_MATCH = YES;
				COPY_PHASE_STRIP = NO;
				DEBUG_INFORMATION_FORMAT = "dwarf-with-dsym";
				ENABLE_NS_ASSERTIONS = NO;
				ENABLE_STRICT_OBJC_MSGSEND = YES;
				ENABLE_USER_SCRIPT_SANDBOXING = YES;
				GCC_C_LANGUAGE_STANDARD = gnu17;
				GCC_NO_COMMON_BLOCKS = YES;
				GCC_WARN_64_TO_32_BIT_CONVERSION = YES;
				GCC_WARN_ABOUT_RETURN_TYPE = YES_ERROR;
				GCC_WARN_UNDECLARED_SELECTOR = YES;
				GCC_WARN_UNINITIALIZED_AUTOS = YES_AGGRESSIVE;
				GCC_WARN_UNUSED_FUNCTION = YES;
				GCC_WARN_UNUSED_VARIABLE = YES;
				IPHONEOS_DEPLOYMENT_TARGET = 15.0;
				LOCALIZATION_PREFERS_STRING_CATALOGS = YES;
				MTL_ENABLE_DEBUG_INFO = NO;
				MTL_FAST_MATH = YES;
				SDKROOT = iphoneos;
				SWIFT_COMPILATION_MODE = wholemodule;
				VALIDATE_PRODUCT = YES;
			};
			name = Release;
		};
		C776304B2C3FD53E00B12B66 /* Debug */ = {
			isa = XCBuildConfiguration;
			buildSettings = {
				ASSETCATALOG_COMPILER_APPICON_NAME = AppIcon;
				ASSETCATALOG_COMPILER_GLOBAL_ACCENT_COLOR_NAME = AccentColor;
				CODE_SIGN_STYLE = Automatic;
				CURRENT_PROJECT_VERSION = 1;
				DEVELOPMENT_TEAM = 68N48TM8MU;
				GENERATE_INFOPLIST_FILE = YES;
				INFOPLIST_FILE = WeatherApp/Info.plist;
				INFOPLIST_KEY_UIApplicationSupportsIndirectInputEvents = YES;
				INFOPLIST_KEY_UILaunchStoryboardName = LaunchScreen;
				INFOPLIST_KEY_UISupportedInterfaceOrientations = UIInterfaceOrientationPortrait;
				INFOPLIST_KEY_UISupportedInterfaceOrientations_iPad = "UIInterfaceOrientationLandscapeLeft UIInterfaceOrientationLandscapeRight UIInterfaceOrientationPortrait UIInterfaceOrientationPortraitUpsideDown";
				IPHONEOS_DEPLOYMENT_TARGET = 15.0;
				LD_RUNPATH_SEARCH_PATHS = (
					"$(inherited)",
					"@executable_path/Frameworks",
				);
				MARKETING_VERSION = 1.0;
				PRODUCT_BUNDLE_IDENTIFIER = com.tayfunsener.WeatherApp;
				PRODUCT_NAME = "$(TARGET_NAME)";
				SUPPORTED_PLATFORMS = "iphoneos iphonesimulator";
				SUPPORTS_MACCATALYST = NO;
				SUPPORTS_MAC_DESIGNED_FOR_IPHONE_IPAD = NO;
				SUPPORTS_XR_DESIGNED_FOR_IPHONE_IPAD = NO;
				SWIFT_EMIT_LOC_STRINGS = YES;
				SWIFT_VERSION = 5.0;
				TARGETED_DEVICE_FAMILY = 1;
			};
			name = Debug;
		};
		C776304C2C3FD53E00B12B66 /* Release */ = {
			isa = XCBuildConfiguration;
			buildSettings = {
				ASSETCATALOG_COMPILER_APPICON_NAME = AppIcon;
				ASSETCATALOG_COMPILER_GLOBAL_ACCENT_COLOR_NAME = AccentColor;
				CODE_SIGN_STYLE = Automatic;
				CURRENT_PROJECT_VERSION = 1;
				DEVELOPMENT_TEAM = 68N48TM8MU;
				GENERATE_INFOPLIST_FILE = YES;
				INFOPLIST_FILE = WeatherApp/Info.plist;
				INFOPLIST_KEY_UIApplicationSupportsIndirectInputEvents = YES;
				INFOPLIST_KEY_UILaunchStoryboardName = LaunchScreen;
				INFOPLIST_KEY_UISupportedInterfaceOrientations = UIInterfaceOrientationPortrait;
				INFOPLIST_KEY_UISupportedInterfaceOrientations_iPad = "UIInterfaceOrientationLandscapeLeft UIInterfaceOrientationLandscapeRight UIInterfaceOrientationPortrait UIInterfaceOrientationPortraitUpsideDown";
				IPHONEOS_DEPLOYMENT_TARGET = 15.0;
				LD_RUNPATH_SEARCH_PATHS = (
					"$(inherited)",
					"@executable_path/Frameworks",
				);
				MARKETING_VERSION = 1.0;
				PRODUCT_BUNDLE_IDENTIFIER = com.tayfunsener.WeatherApp;
				PRODUCT_NAME = "$(TARGET_NAME)";
				SUPPORTED_PLATFORMS = "iphoneos iphonesimulator";
				SUPPORTS_MACCATALYST = NO;
				SUPPORTS_MAC_DESIGNED_FOR_IPHONE_IPAD = NO;
				SUPPORTS_XR_DESIGNED_FOR_IPHONE_IPAD = NO;
				SWIFT_EMIT_LOC_STRINGS = YES;
				SWIFT_VERSION = 5.0;
				TARGETED_DEVICE_FAMILY = 1;
			};
			name = Release;
		};
/* End XCBuildConfiguration section */

/* Begin XCConfigurationList section */
		C77630312C3FD53C00B12B66 /* Build configuration list for PBXProject "WeatherApp" */ = {
			isa = XCConfigurationList;
			buildConfigurations = (
				C77630482C3FD53E00B12B66 /* Debug */,
				C77630492C3FD53E00B12B66 /* Release */,
			);
			defaultConfigurationIsVisible = 0;
			defaultConfigurationName = Release;
		};
		C776304A2C3FD53E00B12B66 /* Build configuration list for PBXNativeTarget "WeatherApp" */ = {
			isa = XCConfigurationList;
			buildConfigurations = (
				C776304B2C3FD53E00B12B66 /* Debug */,
				C776304C2C3FD53E00B12B66 /* Release */,
			);
			defaultConfigurationIsVisible = 0;
			defaultConfigurationName = Release;
		};
/* End XCConfigurationList section */
	};
	rootObject = C776302E2C3FD53C00B12B66 /* Project object */;
}
